// !$*UTF8*$!
{
	archiveVersion = 1;
	classes = {
	};
	objectVersion = 46;
	objects = {

/* Begin PBXBuildFile section */
		381B129641FFD31B4EBC5427 /* Pods_ListViewExample.framework in Frameworks */ = {isa = PBXBuildFile; fileRef = 407B690A85E97B3204E10410 /* Pods_ListViewExample.framework */; };
		83A108DA1F4FD5F600D57943 /* AppDelegate.swift in Sources */ = {isa = PBXBuildFile; fileRef = 83A108D91F4FD5F600D57943 /* AppDelegate.swift */; };
		83A108DC1F4FD5F600D57943 /* ViewController.swift in Sources */ = {isa = PBXBuildFile; fileRef = 83A108DB1F4FD5F600D57943 /* ViewController.swift */; };
		83A108DF1F4FD5F600D57943 /* Main.storyboard in Resources */ = {isa = PBXBuildFile; fileRef = 83A108DD1F4FD5F600D57943 /* Main.storyboard */; };
		83A108E11F4FD5F600D57943 /* Assets.xcassets in Resources */ = {isa = PBXBuildFile; fileRef = 83A108E01F4FD5F600D57943 /* Assets.xcassets */; };
		83A108E41F4FD5F600D57943 /* LaunchScreen.storyboard in Resources */ = {isa = PBXBuildFile; fileRef = 83A108E21F4FD5F600D57943 /* LaunchScreen.storyboard */; };
		83A108EC1F4FD63000D57943 /* Cells.swift in Sources */ = {isa = PBXBuildFile; fileRef = 83A108EB1F4FD63000D57943 /* Cells.swift */; };
		83A109041F4FE1DE00D57943 /* NibCell.xib in Resources */ = {isa = PBXBuildFile; fileRef = 83A109031F4FE1DE00D57943 /* NibCell.xib */; };
/* End PBXBuildFile section */

/* Begin PBXCopyFilesBuildPhase section */
		83A108FF1F4FD6BD00D57943 /* Embed Frameworks */ = {
			isa = PBXCopyFilesBuildPhase;
			buildActionMask = 2147483647;
			dstPath = "";
			dstSubfolderSpec = 10;
			files = (
			);
			name = "Embed Frameworks";
			runOnlyForDeploymentPostprocessing = 0;
		};
/* End PBXCopyFilesBuildPhase section */

/* Begin PBXFileReference section */
		407B690A85E97B3204E10410 /* Pods_ListViewExample.framework */ = {isa = PBXFileReference; explicitFileType = wrapper.framework; includeInIndex = 0; path = Pods_ListViewExample.framework; sourceTree = BUILT_PRODUCTS_DIR; };
		83A108D61F4FD5F600D57943 /* ListViewExample.app */ = {isa = PBXFileReference; explicitFileType = wrapper.application; includeInIndex = 0; path = ListViewExample.app; sourceTree = BUILT_PRODUCTS_DIR; };
		83A108D91F4FD5F600D57943 /* AppDelegate.swift */ = {isa = PBXFileReference; lastKnownFileType = sourcecode.swift; path = AppDelegate.swift; sourceTree = "<group>"; };
		83A108DB1F4FD5F600D57943 /* ViewController.swift */ = {isa = PBXFileReference; lastKnownFileType = sourcecode.swift; path = ViewController.swift; sourceTree = "<group>"; };
		83A108DE1F4FD5F600D57943 /* Base */ = {isa = PBXFileReference; lastKnownFileType = file.storyboard; name = Base; path = Base.lproj/Main.storyboard; sourceTree = "<group>"; };
		83A108E01F4FD5F600D57943 /* Assets.xcassets */ = {isa = PBXFileReference; lastKnownFileType = folder.assetcatalog; path = Assets.xcassets; sourceTree = "<group>"; };
		83A108E31F4FD5F600D57943 /* Base */ = {isa = PBXFileReference; lastKnownFileType = file.storyboard; name = Base; path = Base.lproj/LaunchScreen.storyboard; sourceTree = "<group>"; };
		83A108E51F4FD5F600D57943 /* Info.plist */ = {isa = PBXFileReference; lastKnownFileType = text.plist.xml; path = Info.plist; sourceTree = "<group>"; };
		83A108EB1F4FD63000D57943 /* Cells.swift */ = {isa = PBXFileReference; fileEncoding = 4; lastKnownFileType = sourcecode.swift; path = Cells.swift; sourceTree = "<group>"; };
		83A109031F4FE1DE00D57943 /* NibCell.xib */ = {isa = PBXFileReference; fileEncoding = 4; lastKnownFileType = file.xib; path = NibCell.xib; sourceTree = "<group>"; };
		98F58F3931057562320C6F1C /* Pods-ListViewExample.release.xcconfig */ = {isa = PBXFileReference; includeInIndex = 1; lastKnownFileType = text.xcconfig; name = "Pods-ListViewExample.release.xcconfig"; path = "Pods/Target Support Files/Pods-ListViewExample/Pods-ListViewExample.release.xcconfig"; sourceTree = "<group>"; };
		AA5BEEDC39384B1936EFDF47 /* Pods-ListViewExample.debug.xcconfig */ = {isa = PBXFileReference; includeInIndex = 1; lastKnownFileType = text.xcconfig; name = "Pods-ListViewExample.debug.xcconfig"; path = "Pods/Target Support Files/Pods-ListViewExample/Pods-ListViewExample.debug.xcconfig"; sourceTree = "<group>"; };
/* End PBXFileReference section */

/* Begin PBXFrameworksBuildPhase section */
		83A108D31F4FD5F600D57943 /* Frameworks */ = {
			isa = PBXFrameworksBuildPhase;
			buildActionMask = 2147483647;
			files = (
				381B129641FFD31B4EBC5427 /* Pods_ListViewExample.framework in Frameworks */,
			);
			runOnlyForDeploymentPostprocessing = 0;
		};
/* End PBXFrameworksBuildPhase section */

/* Begin PBXGroup section */
		3FC4CE3B71778DE29055603C /* Pods */ = {
			isa = PBXGroup;
			children = (
				AA5BEEDC39384B1936EFDF47 /* Pods-ListViewExample.debug.xcconfig */,
				98F58F3931057562320C6F1C /* Pods-ListViewExample.release.xcconfig */,
			);
			name = Pods;
			sourceTree = "<group>";
		};
		83A108CD1F4FD5F600D57943 = {
			isa = PBXGroup;
			children = (
				83A108D81F4FD5F600D57943 /* ListViewExample */,
				83A108D71F4FD5F600D57943 /* Products */,
				90985454B50B762C19A47E62 /* Frameworks */,
				3FC4CE3B71778DE29055603C /* Pods */,
			);
			sourceTree = "<group>";
		};
		83A108D71F4FD5F600D57943 /* Products */ = {
			isa = PBXGroup;
			children = (
				83A108D61F4FD5F600D57943 /* ListViewExample.app */,
			);
			name = Products;
			sourceTree = "<group>";
		};
		83A108D81F4FD5F600D57943 /* ListViewExample */ = {
			isa = PBXGroup;
			children = (
				83A108ED1F4FD64C00D57943 /* Supporting Files */,
				83A108D91F4FD5F600D57943 /* AppDelegate.swift */,
				83A108DB1F4FD5F600D57943 /* ViewController.swift */,
				83A108EB1F4FD63000D57943 /* Cells.swift */,
				83A108DD1F4FD5F600D57943 /* Main.storyboard */,
				83A109031F4FE1DE00D57943 /* NibCell.xib */,
			);
			path = ListViewExample;
			sourceTree = "<group>";
		};
		83A108ED1F4FD64C00D57943 /* Supporting Files */ = {
			isa = PBXGroup;
			children = (
				83A108E51F4FD5F600D57943 /* Info.plist */,
				83A108E01F4FD5F600D57943 /* Assets.xcassets */,
				83A108E21F4FD5F600D57943 /* LaunchScreen.storyboard */,
			);
			name = "Supporting Files";
			sourceTree = "<group>";
		};
		90985454B50B762C19A47E62 /* Frameworks */ = {
			isa = PBXGroup;
			children = (
				407B690A85E97B3204E10410 /* Pods_ListViewExample.framework */,
			);
			name = Frameworks;
			sourceTree = "<group>";
		};
/* End PBXGroup section */

/* Begin PBXNativeTarget section */
		83A108D51F4FD5F600D57943 /* ListViewExample */ = {
			isa = PBXNativeTarget;
			buildConfigurationList = 83A108E81F4FD5F600D57943 /* Build configuration list for PBXNativeTarget "ListViewExample" */;
			buildPhases = (
				934E3E30B926F75D797F844F /* [CP] Check Pods Manifest.lock */,
				83A108D21F4FD5F600D57943 /* Sources */,
				83A108D31F4FD5F600D57943 /* Frameworks */,
				83A108D41F4FD5F600D57943 /* Resources */,
				83A108FF1F4FD6BD00D57943 /* Embed Frameworks */,
				8FA3087081DC79668304458F /* [CP] Embed Pods Frameworks */,
				CE7DBC96BF6E55708CDEC295 /* [CP] Copy Pods Resources */,
			);
			buildRules = (
			);
			dependencies = (
			);
			name = ListViewExample;
			productName = ListViewExample;
			productReference = 83A108D61F4FD5F600D57943 /* ListViewExample.app */;
			productType = "com.apple.product-type.application";
		};
/* End PBXNativeTarget section */

/* Begin PBXProject section */
		83A108CE1F4FD5F600D57943 /* Project object */ = {
			isa = PBXProject;
			attributes = {
				LastSwiftUpdateCheck = 0830;
				LastUpgradeCheck = 0900;
				ORGANIZATIONNAME = taiyungo;
				TargetAttributes = {
					83A108D51F4FD5F600D57943 = {
						CreatedOnToolsVersion = 8.3.2;
						DevelopmentTeam = 3GQZ9TL5M3;
						LastSwiftMigration = 0900;
						ProvisioningStyle = Automatic;
					};
				};
			};
			buildConfigurationList = 83A108D11F4FD5F600D57943 /* Build configuration list for PBXProject "ListViewExample" */;
			compatibilityVersion = "Xcode 3.2";
			developmentRegion = English;
			hasScannedForEncodings = 0;
			knownRegions = (
				en,
				Base,
			);
			mainGroup = 83A108CD1F4FD5F600D57943;
			productRefGroup = 83A108D71F4FD5F600D57943 /* Products */;
			projectDirPath = "";
			projectRoot = "";
			targets = (
				83A108D51F4FD5F600D57943 /* ListViewExample */,
			);
		};
/* End PBXProject section */

/* Begin PBXResourcesBuildPhase section */
		83A108D41F4FD5F600D57943 /* Resources */ = {
			isa = PBXResourcesBuildPhase;
			buildActionMask = 2147483647;
			files = (
				83A108E41F4FD5F600D57943 /* LaunchScreen.storyboard in Resources */,
				83A109041F4FE1DE00D57943 /* NibCell.xib in Resources */,
				83A108E11F4FD5F600D57943 /* Assets.xcassets in Resources */,
				83A108DF1F4FD5F600D57943 /* Main.storyboard in Resources */,
			);
			runOnlyForDeploymentPostprocessing = 0;
		};
/* End PBXResourcesBuildPhase section */

/* Begin PBXShellScriptBuildPhase section */
		8FA3087081DC79668304458F /* [CP] Embed Pods Frameworks */ = {
			isa = PBXShellScriptBuildPhase;
			buildActionMask = 2147483647;
			files = (
			);
			inputPaths = (
				"${SRCROOT}/Pods/Target Support Files/Pods-ListViewExample/Pods-ListViewExample-frameworks.sh",
				"${BUILT_PRODUCTS_DIR}/MTListView/MTListView.framework",
			);
			name = "[CP] Embed Pods Frameworks";
			outputPaths = (
				"${TARGET_BUILD_DIR}/${FRAMEWORKS_FOLDER_PATH}/MTListView.framework",
			);
			runOnlyForDeploymentPostprocessing = 0;
			shellPath = /bin/sh;
			shellScript = "\"${SRCROOT}/Pods/Target Support Files/Pods-ListViewExample/Pods-ListViewExample-frameworks.sh\"\n";
			showEnvVarsInLog = 0;
		};
		934E3E30B926F75D797F844F /* [CP] Check Pods Manifest.lock */ = {
			isa = PBXShellScriptBuildPhase;
			buildActionMask = 2147483647;
			files = (
			);
			inputPaths = (
				"${PODS_PODFILE_DIR_PATH}/Podfile.lock",
				"${PODS_ROOT}/Manifest.lock",
			);
			name = "[CP] Check Pods Manifest.lock";
			outputPaths = (
				"$(DERIVED_FILE_DIR)/Pods-ListViewExample-checkManifestLockResult.txt",
			);
			runOnlyForDeploymentPostprocessing = 0;
			shellPath = /bin/sh;
			shellScript = "diff \"${PODS_PODFILE_DIR_PATH}/Podfile.lock\" \"${PODS_ROOT}/Manifest.lock\" > /dev/null\nif [ $? != 0 ] ; then\n    # print error to STDERR\n    echo \"error: The sandbox is not in sync with the Podfile.lock. Run 'pod install' or update your CocoaPods installation.\" >&2\n    exit 1\nfi\n# This output is used by Xcode 'outputs' to avoid re-running this script phase.\necho \"SUCCESS\" > \"${SCRIPT_OUTPUT_FILE_0}\"\n";
			showEnvVarsInLog = 0;
		};
		CE7DBC96BF6E55708CDEC295 /* [CP] Copy Pods Resources */ = {
			isa = PBXShellScriptBuildPhase;
			buildActionMask = 2147483647;
			files = (
			);
			inputPaths = (
			);
			name = "[CP] Copy Pods Resources";
			outputPaths = (
			);
			runOnlyForDeploymentPostprocessing = 0;
			shellPath = /bin/sh;
			shellScript = "\"${SRCROOT}/Pods/Target Support Files/Pods-ListViewExample/Pods-ListViewExample-resources.sh\"\n";
			showEnvVarsInLog = 0;
		};
/* End PBXShellScriptBuildPhase section */

/* Begin PBXSourcesBuildPhase section */
		83A108D21F4FD5F600D57943 /* Sources */ = {
			isa = PBXSourcesBuildPhase;
			buildActionMask = 2147483647;
			files = (
				83A108DC1F4FD5F600D57943 /* ViewController.swift in Sources */,
				83A108EC1F4FD63000D57943 /* Cells.swift in Sources */,
				83A108DA1F4FD5F600D57943 /* AppDelegate.swift in Sources */,
			);
			runOnlyForDeploymentPostprocessing = 0;
		};
/* End PBXSourcesBuildPhase section */

/* Begin PBXVariantGroup section */
		83A108DD1F4FD5F600D57943 /* Main.storyboard */ = {
			isa = PBXVariantGroup;
			children = (
				83A108DE1F4FD5F600D57943 /* Base */,
			);
			name = Main.storyboard;
			sourceTree = "<group>";
		};
		83A108E21F4FD5F600D57943 /* LaunchScreen.storyboard */ = {
			isa = PBXVariantGroup;
			children = (
				83A108E31F4FD5F600D57943 /* Base */,
			);
			name = LaunchScreen.storyboard;
			sourceTree = "<group>";
		};
/* End PBXVariantGroup section */

/* Begin XCBuildConfiguration section */
		83A108E61F4FD5F600D57943 /* Debug */ = {
			isa = XCBuildConfiguration;
			buildSettings = {
				ALWAYS_SEARCH_USER_PATHS = NO;
				CLANG_ANALYZER_NONNULL = YES;
				CLANG_ANALYZER_NUMBER_OBJECT_CONVERSION = YES_AGGRESSIVE;
				CLANG_CXX_LANGUAGE_STANDARD = "gnu++0x";
				CLANG_CXX_LIBRARY = "libc++";
				CLANG_ENABLE_MODULES = YES;
				CLANG_ENABLE_OBJC_ARC = YES;
				CLANG_WARN_BLOCK_CAPTURE_AUTORELEASING = YES;
				CLANG_WARN_BOOL_CONVERSION = YES;
				CLANG_WARN_COMMA = YES;
				CLANG_WARN_CONSTANT_CONVERSION = YES;
				CLANG_WARN_DIRECT_OBJC_ISA_USAGE = YES_ERROR;
				CLANG_WARN_DOCUMENTATION_COMMENTS = YES;
				CLANG_WARN_EMPTY_BODY = YES;
				CLANG_WARN_ENUM_CONVERSION = YES;
				CLANG_WARN_INFINITE_RECURSION = YES;
				CLANG_WARN_INT_CONVERSION = YES;
				CLANG_WARN_NON_LITERAL_NULL_CONVERSION = YES;
				CLANG_WARN_OBJC_LITERAL_CONVERSION = YES;
				CLANG_WARN_OBJC_ROOT_CLASS = YES_ERROR;
				CLANG_WARN_RANGE_LOOP_ANALYSIS = YES;
				CLANG_WARN_STRICT_PROTOTYPES = YES;
				CLANG_WARN_SUSPICIOUS_MOVE = YES;
				CLANG_WARN_UNREACHABLE_CODE = YES;
				CLANG_WARN__DUPLICATE_METHOD_MATCH = YES;
				"CODE_SIGN_IDENTITY[sdk=iphoneos*]" = "iPhone Developer";
				COPY_PHASE_STRIP = NO;
				DEBUG_INFORMATION_FORMAT = dwarf;
				ENABLE_STRICT_OBJC_MSGSEND = YES;
				ENABLE_TESTABILITY = YES;
				GCC_C_LANGUAGE_STANDARD = gnu99;
				GCC_DYNAMIC_NO_PIC = NO;
				GCC_NO_COMMON_BLOCKS = YES;
				GCC_OPTIMIZATION_LEVEL = 0;
				GCC_PREPROCESSOR_DEFINITIONS = (
					"DEBUG=1",
					"$(inherited)",
				);
				GCC_WARN_64_TO_32_BIT_CONVERSION = YES;
				GCC_WARN_ABOUT_RETURN_TYPE = YES_ERROR;
				GCC_WARN_UNDECLARED_SELECTOR = YES;
				GCC_WARN_UNINITIALIZED_AUTOS = YES_AGGRESSIVE;
				GCC_WARN_UNUSED_FUNCTION = YES;
				GCC_WARN_UNUSED_VARIABLE = YES;
				IPHONEOS_DEPLOYMENT_TARGET = 10.3;
				MTL_ENABLE_DEBUG_INFO = YES;
				ONLY_ACTIVE_ARCH = YES;
				SDKROOT = iphoneos;
				SWIFT_ACTIVE_COMPILATION_CONDITIONS = DEBUG;
				SWIFT_OPTIMIZATION_LEVEL = "-Onone";
				TARGETED_DEVICE_FAMILY = "1,2";
			};
			name = Debug;
		};
		83A108E71F4FD5F600D57943 /* Release */ = {
			isa = XCBuildConfiguration;
			buildSettings = {
				ALWAYS_SEARCH_USER_PATHS = NO;
				CLANG_ANALYZER_NONNULL = YES;
				CLANG_ANALYZER_NUMBER_OBJECT_CONVERSION = YES_AGGRESSIVE;
				CLANG_CXX_LANGUAGE_STANDARD = "gnu++0x";
				CLANG_CXX_LIBRARY = "libc++";
				CLANG_ENABLE_MODULES = YES;
				CLANG_ENABLE_OBJC_ARC = YES;
				CLANG_WARN_BLOCK_CAPTURE_AUTORELEASING = YES;
				CLANG_WARN_BOOL_CONVERSION = YES;
				CLANG_WARN_COMMA = YES;
				CLANG_WARN_CONSTANT_CONVERSION = YES;
				CLANG_WARN_DIRECT_OBJC_ISA_USAGE = YES_ERROR;
				CLANG_WARN_DOCUMENTATION_COMMENTS = YES;
				CLANG_WARN_EMPTY_BODY = YES;
				CLANG_WARN_ENUM_CONVERSION = YES;
				CLANG_WARN_INFINITE_RECURSION = YES;
				CLANG_WARN_INT_CONVERSION = YES;
				CLANG_WARN_NON_LITERAL_NULL_CONVERSION = YES;
				CLANG_WARN_OBJC_LITERAL_CONVERSION = YES;
				CLANG_WARN_OBJC_ROOT_CLASS = YES_ERROR;
				CLANG_WARN_RANGE_LOOP_ANALYSIS = YES;
				CLANG_WARN_STRICT_PROTOTYPES = YES;
				CLANG_WARN_SUSPICIOUS_MOVE = YES;
				CLANG_WARN_UNREACHABLE_CODE = YES;
				CLANG_WARN__DUPLICATE_METHOD_MATCH = YES;
				"CODE_SIGN_IDENTITY[sdk=iphoneos*]" = "iPhone Developer";
				COPY_PHASE_STRIP = NO;
				DEBUG_INFORMATION_FORMAT = "dwarf-with-dsym";
				ENABLE_NS_ASSERTIONS = NO;
				ENABLE_STRICT_OBJC_MSGSEND = YES;
				GCC_C_LANGUAGE_STANDARD = gnu99;
				GCC_NO_COMMON_BLOCKS = YES;
				GCC_WARN_64_TO_32_BIT_CONVERSION = YES;
				GCC_WARN_ABOUT_RETURN_TYPE = YES_ERROR;
				GCC_WARN_UNDECLARED_SELECTOR = YES;
				GCC_WARN_UNINITIALIZED_AUTOS = YES_AGGRESSIVE;
				GCC_WARN_UNUSED_FUNCTION = YES;
				GCC_WARN_UNUSED_VARIABLE = YES;
				IPHONEOS_DEPLOYMENT_TARGET = 10.3;
				MTL_ENABLE_DEBUG_INFO = NO;
				SDKROOT = iphoneos;
				SWIFT_OPTIMIZATION_LEVEL = "-Owholemodule";
				TARGETED_DEVICE_FAMILY = "1,2";
				VALIDATE_PRODUCT = YES;
			};
			name = Release;
		};
		83A108E91F4FD5F600D57943 /* Debug */ = {
			isa = XCBuildConfiguration;
			baseConfigurationReference = AA5BEEDC39384B1936EFDF47 /* Pods-ListViewExample.debug.xcconfig */;
			buildSettings = {
				ALWAYS_EMBED_SWIFT_STANDARD_LIBRARIES = YES;
				ASSETCATALOG_COMPILER_APPICON_NAME = AppIcon;
				DEVELOPMENT_TEAM = 3GQZ9TL5M3;
				INFOPLIST_FILE = ListViewExample/Info.plist;
				LD_RUNPATH_SEARCH_PATHS = "$(inherited) @executable_path/Frameworks";
				PRODUCT_BUNDLE_IDENTIFIER = com.taiyungo.ListViewExample;
				PRODUCT_NAME = "$(TARGET_NAME)";
				SWIFT_SWIFT3_OBJC_INFERENCE = Default;
				SWIFT_VERSION = 4.0;
			};
			name = Debug;
		};
		83A108EA1F4FD5F600D57943 /* Release */ = {
			isa = XCBuildConfiguration;
			baseConfigurationReference = 98F58F3931057562320C6F1C /* Pods-ListViewExample.release.xcconfig */;
			buildSettings = {
				ALWAYS_EMBED_SWIFT_STANDARD_LIBRARIES = YES;
				ASSETCATALOG_COMPILER_APPICON_NAME = AppIcon;
				DEVELOPMENT_TEAM = 3GQZ9TL5M3;
				INFOPLIST_FILE = ListViewExample/Info.plist;
				LD_RUNPATH_SEARCH_PATHS = "$(inherited) @executable_path/Frameworks";
				PRODUCT_BUNDLE_IDENTIFIER = com.taiyungo.ListViewExample;
				PRODUCT_NAME = "$(TARGET_NAME)";
				SWIFT_SWIFT3_OBJC_INFERENCE = Default;
				SWIFT_VERSION = 4.0;
			};
			name = Release;
		};
/* End XCBuildConfiguration section */

/* Begin XCConfigurationList section */
		83A108D11F4FD5F600D57943 /* Build configuration list for PBXProject "ListViewExample" */ = {
			isa = XCConfigurationList;
			buildConfigurations = (
				83A108E61F4FD5F600D57943 /* Debug */,
				83A108E71F4FD5F600D57943 /* Release */,
			);
			defaultConfigurationIsVisible = 0;
			defaultConfigurationName = Release;
		};
		83A108E81F4FD5F600D57943 /* Build configuration list for PBXNativeTarget "ListViewExample" */ = {
			isa = XCConfigurationList;
			buildConfigurations = (
				83A108E91F4FD5F600D57943 /* Debug */,
				83A108EA1F4FD5F600D57943 /* Release */,
			);
			defaultConfigurationIsVisible = 0;
			defaultConfigurationName = Release;
		};
/* End XCConfigurationList section */
	};
	rootObject = 83A108CE1F4FD5F600D57943 /* Project object */;
}
